
Microsoft Visual Studio Solution File, Format Version 12.00
# Visual Studio Version 17
VisualStudioVersion = 17.3.32922.545
MinimumVisualStudioVersion = 10.0.40219.1
Project("{FAE04EC0-301F-11D3-BF4B-00C04F79EFBC}") = "PBL3(1.0)", "PBL3(1.0).csproj", "{BE7BE837-3551-4792-8615-4B44646F7AE5}"
EndProject
Global
	GlobalSection(SolutionConfigurationPlatforms) = preSolution
		Debug|Any CPU = Debug|Any CPU
		Release|Any CPU = Release|Any CPU
	EndGlobalSection
	GlobalSection(ProjectConfigurationPlatforms) = postSolution
		{BE7BE837-3551-4792-8615-4B44646F7AE5}.Debug|Any CPU.ActiveCfg = Debug|Any CPU
		{BE7BE837-3551-4792-8615-4B44646F7AE5}.Debug|Any CPU.Build.0 = Debug|Any CPU
		{BE7BE837-3551-4792-8615-4B44646F7AE5}.Release|Any CPU.ActiveCfg = Release|Any CPU
		{BE7BE837-3551-4792-8615-4B44646F7AE5}.Release|Any CPU.Build.0 = Release|Any CPU
	EndGlobalSection
	GlobalSection(SolutionProperties) = preSolution
		HideSolutionNode = FALSE
	EndGlobalSection
	GlobalSection(ExtensibilityGlobals) = postSolution
		SolutionGuid = {4CD8BC0A-78C7-47F5-8EDA-4DE475AB7882}
	EndGlobalSection
EndGlobal
